<?xml version="1.0" encoding="utf-8"?>
<Project ToolsVersion="4.0" xmlns="http://schemas.microsoft.com/developer/msbuild/2003">
  <ItemGroup>
    <Filter Include="源文件">
      <UniqueIdentifier>{4FC737F1-C7A5-4376-A066-2A32D752A2FF}</UniqueIdentifier>
      <Extensions>cpp;c;cc;cxx;def;odl;idl;hpj;bat;asm;asmx</Extensions>
    </Filter>
    <Filter Include="头文件">
      <UniqueIdentifier>{93995380-89BD-4b04-88EB-625FBE52EBFB}</UniqueIdentifier>
      <Extensions>h;hh;hpp;hxx;hm;inl;inc;ipp;xsd</Extensions>
    </Filter>
    <Filter Include="资源文件">
      <UniqueIdentifier>{67DA6AB6-F800-4c08-8B7A-83BB121AAD01}</UniqueIdentifier>
      <Extensions>rc;ico;cur;bmp;dlg;rc2;rct;bin;rgs;gif;jpg;jpeg;jpe;resx;tiff;tif;png;wav;mfcribbon-ms</Extensions>
    </Filter>
    <Filter Include="源文件\libcpp">
      <UniqueIdentifier>{33a494a5-d1f0-4007-be26-6a05a4e24848}</UniqueIdentifier>
    </Filter>
    <Filter Include="头文件\MISC">
      <UniqueIdentifier>{9d5f45b2-8dbe-4153-91a6-45e5f28b5035}</UniqueIdentifier>
    </Filter>
    <Filter Include="头文件\PWN">
      <UniqueIdentifier>{b62978e1-8ce0-4d3f-8eca-abd99535691e}</UniqueIdentifier>
    </Filter>
    <Filter Include="源文件\Examples">
      <UniqueIdentifier>{0bbe2699-2d6a-470c-b3e7-5266a34faeef}</UniqueIdentifier>
    </Filter>
    <Filter Include="头文件\WEB">
      <UniqueIdentifier>{1c107406-f0cd-4253-8932-34630308e6fc}</UniqueIdentifier>
    </Filter>
  </ItemGroup>
  <ItemGroup>
    <ClCompile Include="main.cpp">
      <Filter>源文件</Filter>
    </ClCompile>
    <ClCompile Include="BigTypes.cpp">
      <Filter>源文件\libcpp</Filter>
    </ClCompile>
    <ClCompile Include="Logger.cpp">
      <Filter>源文件\libcpp</Filter>
    </ClCompile>
    <ClCompile Include="Tube.cpp">
      <Filter>源文件\libcpp</Filter>
    </ClCompile>
    <ClCompile Include="CaesarCipher.cpp">
      <Filter>源文件\libcpp</Filter>
    </ClCompile>
    <ClCompile Include="UrlEncode.cpp">
      <Filter>源文件\libcpp</Filter>
    </ClCompile>
    <ClCompile Include="BigTypesExample.cpp">
      <Filter>源文件\Examples</Filter>
    </ClCompile>
    <ClCompile Include="RSACipherExamples.cpp">
      <Filter>源文件\Examples</Filter>
    </ClCompile>
    <ClCompile Include="TubeExamples.cpp">
      <Filter>源文件\Examples</Filter>
    </ClCompile>
    <ClCompile Include="RSACipher.cpp">
      <Filter>源文件\libcpp</Filter>
    </ClCompile>
    <ClCompile Include="CipherExamples.cpp">
      <Filter>源文件\Examples</Filter>
    </ClCompile>
    <ClCompile Include="HTTPToolkit.cpp">
      <Filter>源文件\libcpp</Filter>
    </ClCompile>
    <ClCompile Include="FormatStringBuilder.cpp">
      <Filter>源文件\libcpp</Filter>
    </ClCompile>
    <ClCompile Include="BaseEncode.cpp">
      <Filter>源文件\libcpp</Filter>
    </ClCompile>
    <ClCompile Include="algo_ext.cpp">
      <Filter>源文件\libcpp</Filter>
    </ClCompile>
  </ItemGroup>
  <ItemGroup>
    <ClInclude Include="Logger.h">
      <Filter>头文件</Filter>
    </ClInclude>
    <ClInclude Include="BigTypes.h">
      <Filter>头文件</Filter>
    </ClInclude>
    <ClInclude Include="BaseEncode.h">
      <Filter>头文件\MISC</Filter>
    </ClInclude>
    <ClInclude Include="CaesarCipher.h">
      <Filter>头文件\MISC</Filter>
    </ClInclude>
    <ClInclude Include="RSACipher.h">
      <Filter>头文件\MISC</Filter>
    </ClInclude>
    <ClInclude Include="UrlEncode.h">
      <Filter>头文件\MISC</Filter>
    </ClInclude>
    <ClInclude Include="FormatStringBuilder.h">
      <Filter>头文件\PWN</Filter>
    </ClInclude>
    <ClInclude Include="Tube.h">
      <Filter>头文件</Filter>
    </ClInclude>
    <ClInclude Include="HTTPToolkit.h">
      <Filter>头文件\WEB</Filter>
    </ClInclude>
    <ClInclude Include="algo_ext.h">
      <Filter>头文件</Filter>
    </ClInclude>
  </ItemGroup>
</Project>